// !$*UTF8*$!
{
	archiveVersion = 1;
	classes = {
	};
	objectVersion = 50;
	objects = {

/* Begin PBXBuildFile section */
		0A3980E121EC2DF100BE6693 /* MainScheduler.swift in Sources */ = {isa = PBXBuildFile; fileRef = 0A3980E021EC2DF100BE6693 /* MainScheduler.swift */; };
		0A3980E321EC2E0100BE6693 /* SerialScheduler.swift in Sources */ = {isa = PBXBuildFile; fileRef = 0A3980E221EC2E0100BE6693 /* SerialScheduler.swift */; };
		0A3980E521EC2E0A00BE6693 /* ConcurrentScheduler.swift in Sources */ = {isa = PBXBuildFile; fileRef = 0A3980E421EC2E0A00BE6693 /* ConcurrentScheduler.swift */; };
		0A3980E721EC2E1600BE6693 /* DefaultScheduler.swift in Sources */ = {isa = PBXBuildFile; fileRef = 0A3980E621EC2E1600BE6693 /* DefaultScheduler.swift */; };
		0A3980EC21EC328500BE6693 /* DisposeBag.swift in Sources */ = {isa = PBXBuildFile; fileRef = 0A3980EB21EC328500BE6693 /* DisposeBag.swift */; };
		0A5681782223829B0033009A /* Variable+Bindable.swift in Sources */ = {isa = PBXBuildFile; fileRef = 0A5681772223829B0033009A /* Variable+Bindable.swift */; };
		0A56817A2223875D0033009A /* Observable+Factory.swift in Sources */ = {isa = PBXBuildFile; fileRef = 0A5681792223875D0033009A /* Observable+Factory.swift */; };
		0A6AD8E4221F98B60035C8B0 /* Uniqueable.swift in Sources */ = {isa = PBXBuildFile; fileRef = 0A6AD8E3221F98B60035C8B0 /* Uniqueable.swift */; };
		0A6AD8E6221F98EF0035C8B0 /* RXLogger.swift in Sources */ = {isa = PBXBuildFile; fileRef = 0A6AD8E5221F98EF0035C8B0 /* RXLogger.swift */; };
		0A6AD8EB221FA6280035C8B0 /* BehaviorSubject.swift in Sources */ = {isa = PBXBuildFile; fileRef = 0A6AD8EA221FA6280035C8B0 /* BehaviorSubject.swift */; };
		0A6AD8ED221FA6350035C8B0 /* PublishSubject.swift in Sources */ = {isa = PBXBuildFile; fileRef = 0A6AD8EC221FA6350035C8B0 /* PublishSubject.swift */; };
		0A6CB57C2223792900272AD3 /* Variable.swift in Sources */ = {isa = PBXBuildFile; fileRef = 0A6CB57B2223792900272AD3 /* Variable.swift */; };
		0ABCFB5521E18AC90052FDBF /* ObserverType.swift in Sources */ = {isa = PBXBuildFile; fileRef = 0ABCFB5421E18AC90052FDBF /* ObserverType.swift */; };
		0ABCFB5821E18D0B0052FDBF /* DisposableContainer+UIKit.swift in Sources */ = {isa = PBXBuildFile; fileRef = 0ABCFB5721E18D0B0052FDBF /* DisposableContainer+UIKit.swift */; };
		0ABCFB5A21E190BE0052FDBF /* DisposableFactory.swift in Sources */ = {isa = PBXBuildFile; fileRef = 0ABCFB5921E190BE0052FDBF /* DisposableFactory.swift */; };
		0ABCFB5E21E198B70052FDBF /* SubjectType.swift in Sources */ = {isa = PBXBuildFile; fileRef = 0ABCFB5D21E198B70052FDBF /* SubjectType.swift */; };
		0ABCFB6021E19C3D0052FDBF /* SchedulerFactory.swift in Sources */ = {isa = PBXBuildFile; fileRef = 0ABCFB5F21E19C3D0052FDBF /* SchedulerFactory.swift */; };
		0AC4E92621CE029A00835352 /* Scheduler.swift in Sources */ = {isa = PBXBuildFile; fileRef = 0AC4E92521CE029A00835352 /* Scheduler.swift */; };
		0AC4E92821CE047900835352 /* AnyObserver.swift in Sources */ = {isa = PBXBuildFile; fileRef = 0AC4E92721CE047900835352 /* AnyObserver.swift */; };
		0ADFFADD21C4938000A1ADB4 /* AppDelegate.swift in Sources */ = {isa = PBXBuildFile; fileRef = 0ADFFADC21C4938000A1ADB4 /* AppDelegate.swift */; };
		0ADFFADF21C4938000A1ADB4 /* ViewController.swift in Sources */ = {isa = PBXBuildFile; fileRef = 0ADFFADE21C4938000A1ADB4 /* ViewController.swift */; };
		0ADFFAE221C4938000A1ADB4 /* Main.storyboard in Resources */ = {isa = PBXBuildFile; fileRef = 0ADFFAE021C4938000A1ADB4 /* Main.storyboard */; };
		0ADFFAE421C4938100A1ADB4 /* Assets.xcassets in Resources */ = {isa = PBXBuildFile; fileRef = 0ADFFAE321C4938100A1ADB4 /* Assets.xcassets */; };
		0ADFFAE721C4938100A1ADB4 /* LaunchScreen.storyboard in Resources */ = {isa = PBXBuildFile; fileRef = 0ADFFAE521C4938100A1ADB4 /* LaunchScreen.storyboard */; };
		0ADFFAF221C4938100A1ADB4 /* Lightweight_Observable_LibraryTests.swift in Sources */ = {isa = PBXBuildFile; fileRef = 0ADFFAF121C4938100A1ADB4 /* Lightweight_Observable_LibraryTests.swift */; };
		0ADFFAFD21C493DD00A1ADB4 /* Observable.swift in Sources */ = {isa = PBXBuildFile; fileRef = 0ADFFAFC21C493DD00A1ADB4 /* Observable.swift */; };
		0ADFFB0221C497CD00A1ADB4 /* Event.swift in Sources */ = {isa = PBXBuildFile; fileRef = 0ADFFB0121C497CD00A1ADB4 /* Event.swift */; };
		0ADFFB0421C497EE00A1ADB4 /* ObservableType.swift in Sources */ = {isa = PBXBuildFile; fileRef = 0ADFFB0321C497EE00A1ADB4 /* ObservableType.swift */; };
		0ADFFB0621C4B19600A1ADB4 /* Disposable.swift in Sources */ = {isa = PBXBuildFile; fileRef = 0ADFFB0521C4B19600A1ADB4 /* Disposable.swift */; };
		0ADFFB0A21C4C8D300A1ADB4 /* Bindable.swift in Sources */ = {isa = PBXBuildFile; fileRef = 0ADFFB0921C4C8D300A1ADB4 /* Bindable.swift */; };
		0ADFFB1021C58BE600A1ADB4 /* Bindable+UIKit.swift in Sources */ = {isa = PBXBuildFile; fileRef = 0ADFFB0F21C58BE600A1ADB4 /* Bindable+UIKit.swift */; };
		0AF0A4EC21DDC304009C05A6 /* DisposableContainer.swift in Sources */ = {isa = PBXBuildFile; fileRef = 0AF0A4EB21DDC304009C05A6 /* DisposableContainer.swift */; };
/* End PBXBuildFile section */

/* Begin PBXContainerItemProxy section */
		0ADFFAEE21C4938100A1ADB4 /* PBXContainerItemProxy */ = {
			isa = PBXContainerItemProxy;
			containerPortal = 0ADFFAD121C4938000A1ADB4 /* Project object */;
			proxyType = 1;
			remoteGlobalIDString = 0ADFFAD821C4938000A1ADB4;
			remoteInfo = "Lightweight Observable Library";
		};
/* End PBXContainerItemProxy section */

/* Begin PBXFileReference section */
		0A3980E021EC2DF100BE6693 /* MainScheduler.swift */ = {isa = PBXFileReference; lastKnownFileType = sourcecode.swift; path = MainScheduler.swift; sourceTree = "<group>"; };
		0A3980E221EC2E0100BE6693 /* SerialScheduler.swift */ = {isa = PBXFileReference; lastKnownFileType = sourcecode.swift; path = SerialScheduler.swift; sourceTree = "<group>"; };
		0A3980E421EC2E0A00BE6693 /* ConcurrentScheduler.swift */ = {isa = PBXFileReference; lastKnownFileType = sourcecode.swift; path = ConcurrentScheduler.swift; sourceTree = "<group>"; };
		0A3980E621EC2E1600BE6693 /* DefaultScheduler.swift */ = {isa = PBXFileReference; lastKnownFileType = sourcecode.swift; path = DefaultScheduler.swift; sourceTree = "<group>"; };
		0A3980EB21EC328500BE6693 /* DisposeBag.swift */ = {isa = PBXFileReference; lastKnownFileType = sourcecode.swift; path = DisposeBag.swift; sourceTree = "<group>"; };
		0A5681772223829B0033009A /* Variable+Bindable.swift */ = {isa = PBXFileReference; lastKnownFileType = sourcecode.swift; path = "Variable+Bindable.swift"; sourceTree = "<group>"; };
		0A5681792223875D0033009A /* Observable+Factory.swift */ = {isa = PBXFileReference; lastKnownFileType = sourcecode.swift; path = "Observable+Factory.swift"; sourceTree = "<group>"; };
		0A6AD8E3221F98B60035C8B0 /* Uniqueable.swift */ = {isa = PBXFileReference; lastKnownFileType = sourcecode.swift; path = Uniqueable.swift; sourceTree = "<group>"; };
		0A6AD8E5221F98EF0035C8B0 /* RXLogger.swift */ = {isa = PBXFileReference; lastKnownFileType = sourcecode.swift; path = RXLogger.swift; sourceTree = "<group>"; };
		0A6AD8EA221FA6280035C8B0 /* BehaviorSubject.swift */ = {isa = PBXFileReference; lastKnownFileType = sourcecode.swift; path = BehaviorSubject.swift; sourceTree = "<group>"; };
		0A6AD8EC221FA6350035C8B0 /* PublishSubject.swift */ = {isa = PBXFileReference; lastKnownFileType = sourcecode.swift; path = PublishSubject.swift; sourceTree = "<group>"; };
		0A6CB57B2223792900272AD3 /* Variable.swift */ = {isa = PBXFileReference; lastKnownFileType = sourcecode.swift; path = Variable.swift; sourceTree = "<group>"; };
		0ABCFB5421E18AC90052FDBF /* ObserverType.swift */ = {isa = PBXFileReference; lastKnownFileType = sourcecode.swift; path = ObserverType.swift; sourceTree = "<group>"; };
		0ABCFB5721E18D0B0052FDBF /* DisposableContainer+UIKit.swift */ = {isa = PBXFileReference; lastKnownFileType = sourcecode.swift; path = "DisposableContainer+UIKit.swift"; sourceTree = "<group>"; };
		0ABCFB5921E190BE0052FDBF /* DisposableFactory.swift */ = {isa = PBXFileReference; lastKnownFileType = sourcecode.swift; path = DisposableFactory.swift; sourceTree = "<group>"; };
		0ABCFB5D21E198B70052FDBF /* SubjectType.swift */ = {isa = PBXFileReference; lastKnownFileType = sourcecode.swift; path = SubjectType.swift; sourceTree = "<group>"; };
		0ABCFB5F21E19C3D0052FDBF /* SchedulerFactory.swift */ = {isa = PBXFileReference; lastKnownFileType = sourcecode.swift; path = SchedulerFactory.swift; sourceTree = "<group>"; };
		0AC4E92521CE029A00835352 /* Scheduler.swift */ = {isa = PBXFileReference; lastKnownFileType = sourcecode.swift; path = Scheduler.swift; sourceTree = "<group>"; };
		0AC4E92721CE047900835352 /* AnyObserver.swift */ = {isa = PBXFileReference; lastKnownFileType = sourcecode.swift; path = AnyObserver.swift; sourceTree = "<group>"; };
		0ADFFAD921C4938000A1ADB4 /* Lightweight Observable Library.app */ = {isa = PBXFileReference; explicitFileType = wrapper.application; includeInIndex = 0; path = "Lightweight Observable Library.app"; sourceTree = BUILT_PRODUCTS_DIR; };
		0ADFFADC21C4938000A1ADB4 /* AppDelegate.swift */ = {isa = PBXFileReference; lastKnownFileType = sourcecode.swift; path = AppDelegate.swift; sourceTree = "<group>"; };
		0ADFFADE21C4938000A1ADB4 /* ViewController.swift */ = {isa = PBXFileReference; lastKnownFileType = sourcecode.swift; path = ViewController.swift; sourceTree = "<group>"; };
		0ADFFAE121C4938000A1ADB4 /* Base */ = {isa = PBXFileReference; lastKnownFileType = file.storyboard; name = Base; path = Base.lproj/Main.storyboard; sourceTree = "<group>"; };
		0ADFFAE321C4938100A1ADB4 /* Assets.xcassets */ = {isa = PBXFileReference; lastKnownFileType = folder.assetcatalog; path = Assets.xcassets; sourceTree = "<group>"; };
		0ADFFAE621C4938100A1ADB4 /* Base */ = {isa = PBXFileReference; lastKnownFileType = file.storyboard; name = Base; path = Base.lproj/LaunchScreen.storyboard; sourceTree = "<group>"; };
		0ADFFAE821C4938100A1ADB4 /* Info.plist */ = {isa = PBXFileReference; lastKnownFileType = text.plist.xml; path = Info.plist; sourceTree = "<group>"; };
		0ADFFAED21C4938100A1ADB4 /* Lightweight Observable LibraryTests.xctest */ = {isa = PBXFileReference; explicitFileType = wrapper.cfbundle; includeInIndex = 0; path = "Lightweight Observable LibraryTests.xctest"; sourceTree = BUILT_PRODUCTS_DIR; };
		0ADFFAF121C4938100A1ADB4 /* Lightweight_Observable_LibraryTests.swift */ = {isa = PBXFileReference; lastKnownFileType = sourcecode.swift; path = Lightweight_Observable_LibraryTests.swift; sourceTree = "<group>"; };
		0ADFFAF321C4938100A1ADB4 /* Info.plist */ = {isa = PBXFileReference; lastKnownFileType = text.plist.xml; path = Info.plist; sourceTree = "<group>"; };
		0ADFFAFC21C493DD00A1ADB4 /* Observable.swift */ = {isa = PBXFileReference; lastKnownFileType = sourcecode.swift; path = Observable.swift; sourceTree = "<group>"; };
		0ADFFB0121C497CD00A1ADB4 /* Event.swift */ = {isa = PBXFileReference; lastKnownFileType = sourcecode.swift; path = Event.swift; sourceTree = "<group>"; };
		0ADFFB0321C497EE00A1ADB4 /* ObservableType.swift */ = {isa = PBXFileReference; lastKnownFileType = sourcecode.swift; path = ObservableType.swift; sourceTree = "<group>"; };
		0ADFFB0521C4B19600A1ADB4 /* Disposable.swift */ = {isa = PBXFileReference; lastKnownFileType = sourcecode.swift; path = Disposable.swift; sourceTree = "<group>"; };
		0ADFFB0921C4C8D300A1ADB4 /* Bindable.swift */ = {isa = PBXFileReference; lastKnownFileType = sourcecode.swift; path = Bindable.swift; sourceTree = "<group>"; };
		0ADFFB0F21C58BE600A1ADB4 /* Bindable+UIKit.swift */ = {isa = PBXFileReference; lastKnownFileType = sourcecode.swift; path = "Bindable+UIKit.swift"; sourceTree = "<group>"; };
		0AF0A4EB21DDC304009C05A6 /* DisposableContainer.swift */ = {isa = PBXFileReference; lastKnownFileType = sourcecode.swift; path = DisposableContainer.swift; sourceTree = "<group>"; };
/* End PBXFileReference section */

/* Begin PBXFrameworksBuildPhase section */
		0ADFFAD621C4938000A1ADB4 /* Frameworks */ = {
			isa = PBXFrameworksBuildPhase;
			buildActionMask = 2147483647;
			files = (
			);
			runOnlyForDeploymentPostprocessing = 0;
		};
		0ADFFAEA21C4938100A1ADB4 /* Frameworks */ = {
			isa = PBXFrameworksBuildPhase;
			buildActionMask = 2147483647;
			files = (
			);
			runOnlyForDeploymentPostprocessing = 0;
		};
/* End PBXFrameworksBuildPhase section */

/* Begin PBXGroup section */
		0A3980DF21EC2DD600BE6693 /* Schedulers */ = {
			isa = PBXGroup;
			children = (
				0AC4E92521CE029A00835352 /* Scheduler.swift */,
				0ABCFB5F21E19C3D0052FDBF /* SchedulerFactory.swift */,
				0A3980E421EC2E0A00BE6693 /* ConcurrentScheduler.swift */,
				0A3980E621EC2E1600BE6693 /* DefaultScheduler.swift */,
				0A3980E021EC2DF100BE6693 /* MainScheduler.swift */,
				0A3980E221EC2E0100BE6693 /* SerialScheduler.swift */,
			);
			path = Schedulers;
			sourceTree = "<group>";
		};
		0A3980E921EC318E00BE6693 /* Disposables */ = {
			isa = PBXGroup;
			children = (
				0ADFFB0521C4B19600A1ADB4 /* Disposable.swift */,
				0AF0A4EB21DDC304009C05A6 /* DisposableContainer.swift */,
				0ABCFB5721E18D0B0052FDBF /* DisposableContainer+UIKit.swift */,
				0ABCFB5921E190BE0052FDBF /* DisposableFactory.swift */,
				0A3980EB21EC328500BE6693 /* DisposeBag.swift */,
			);
			path = Disposables;
			sourceTree = "<group>";
		};
		0A568176222380160033009A /* Subjects */ = {
			isa = PBXGroup;
			children = (
				0A6AD8EA221FA6280035C8B0 /* BehaviorSubject.swift */,
				0A6AD8EC221FA6350035C8B0 /* PublishSubject.swift */,
				0ABCFB5D21E198B70052FDBF /* SubjectType.swift */,
				0A6CB57B2223792900272AD3 /* Variable.swift */,
				0A5681772223829B0033009A /* Variable+Bindable.swift */,
			);
			path = Subjects;
			sourceTree = "<group>";
		};
		0ADFFAD021C4938000A1ADB4 = {
			isa = PBXGroup;
			children = (
				0ADFFADB21C4938000A1ADB4 /* Lightweight Observable Library */,
				0ADFFAF021C4938100A1ADB4 /* Lightweight Observable LibraryTests */,
				0ADFFADA21C4938000A1ADB4 /* Products */,
			);
			sourceTree = "<group>";
		};
		0ADFFADA21C4938000A1ADB4 /* Products */ = {
			isa = PBXGroup;
			children = (
				0ADFFAD921C4938000A1ADB4 /* Lightweight Observable Library.app */,
				0ADFFAED21C4938100A1ADB4 /* Lightweight Observable LibraryTests.xctest */,
			);
			name = Products;
			sourceTree = "<group>";
		};
		0ADFFADB21C4938000A1ADB4 /* Lightweight Observable Library */ = {
			isa = PBXGroup;
			children = (
				0ADFFADC21C4938000A1ADB4 /* AppDelegate.swift */,
				0ADFFAFE21C497B100A1ADB4 /* Observables */,
				0A3980E921EC318E00BE6693 /* Disposables */,
				0A3980DF21EC2DD600BE6693 /* Schedulers */,
				0A568176222380160033009A /* Subjects */,
				0ADFFADE21C4938000A1ADB4 /* ViewController.swift */,
				0ADFFAE021C4938000A1ADB4 /* Main.storyboard */,
				0ADFFAE321C4938100A1ADB4 /* Assets.xcassets */,
				0ADFFAE521C4938100A1ADB4 /* LaunchScreen.storyboard */,
				0ADFFAE821C4938100A1ADB4 /* Info.plist */,
			);
			path = "Lightweight Observable Library";
			sourceTree = "<group>";
		};
		0ADFFAF021C4938100A1ADB4 /* Lightweight Observable LibraryTests */ = {
			isa = PBXGroup;
			children = (
				0ADFFAF121C4938100A1ADB4 /* Lightweight_Observable_LibraryTests.swift */,
				0ADFFAF321C4938100A1ADB4 /* Info.plist */,
			);
			path = "Lightweight Observable LibraryTests";
			sourceTree = "<group>";
		};
		0ADFFAFE21C497B100A1ADB4 /* Observables */ = {
			isa = PBXGroup;
			children = (
				0AC4E92721CE047900835352 /* AnyObserver.swift */,
				0ADFFB0921C4C8D300A1ADB4 /* Bindable.swift */,
				0ADFFB0F21C58BE600A1ADB4 /* Bindable+UIKit.swift */,
				0ADFFB0121C497CD00A1ADB4 /* Event.swift */,
				0ADFFAFC21C493DD00A1ADB4 /* Observable.swift */,
				0A5681792223875D0033009A /* Observable+Factory.swift */,
				0ADFFB0321C497EE00A1ADB4 /* ObservableType.swift */,
				0ABCFB5421E18AC90052FDBF /* ObserverType.swift */,
				0A6AD8E5221F98EF0035C8B0 /* RXLogger.swift */,
				0A6AD8E3221F98B60035C8B0 /* Uniqueable.swift */,
			);
			path = Observables;
			sourceTree = "<group>";
		};
/* End PBXGroup section */

/* Begin PBXNativeTarget section */
		0ADFFAD821C4938000A1ADB4 /* Lightweight Observable Library */ = {
			isa = PBXNativeTarget;
			buildConfigurationList = 0ADFFAF621C4938100A1ADB4 /* Build configuration list for PBXNativeTarget "Lightweight Observable Library" */;
			buildPhases = (
				0ADFFAD521C4938000A1ADB4 /* Sources */,
				0ADFFAD621C4938000A1ADB4 /* Frameworks */,
				0ADFFAD721C4938000A1ADB4 /* Resources */,
			);
			buildRules = (
			);
			dependencies = (
			);
			name = "Lightweight Observable Library";
			productName = "Lightweight Observable Library";
			productReference = 0ADFFAD921C4938000A1ADB4 /* Lightweight Observable Library.app */;
			productType = "com.apple.product-type.application";
		};
		0ADFFAEC21C4938100A1ADB4 /* Lightweight Observable LibraryTests */ = {
			isa = PBXNativeTarget;
			buildConfigurationList = 0ADFFAF921C4938100A1ADB4 /* Build configuration list for PBXNativeTarget "Lightweight Observable LibraryTests" */;
			buildPhases = (
				0ADFFAE921C4938100A1ADB4 /* Sources */,
				0ADFFAEA21C4938100A1ADB4 /* Frameworks */,
				0ADFFAEB21C4938100A1ADB4 /* Resources */,
			);
			buildRules = (
			);
			dependencies = (
				0ADFFAEF21C4938100A1ADB4 /* PBXTargetDependency */,
			);
			name = "Lightweight Observable LibraryTests";
			productName = "Lightweight Observable LibraryTests";
			productReference = 0ADFFAED21C4938100A1ADB4 /* Lightweight Observable LibraryTests.xctest */;
			productType = "com.apple.product-type.bundle.unit-test";
		};
/* End PBXNativeTarget section */

/* Begin PBXProject section */
		0ADFFAD121C4938000A1ADB4 /* Project object */ = {
			isa = PBXProject;
			attributes = {
				LastSwiftUpdateCheck = 1000;
				LastUpgradeCheck = 1000;
				ORGANIZATIONNAME = Ark;
				TargetAttributes = {
					0ADFFAD821C4938000A1ADB4 = {
						CreatedOnToolsVersion = 10.0;
					};
					0ADFFAEC21C4938100A1ADB4 = {
						CreatedOnToolsVersion = 10.0;
						TestTargetID = 0ADFFAD821C4938000A1ADB4;
					};
				};
			};
			buildConfigurationList = 0ADFFAD421C4938000A1ADB4 /* Build configuration list for PBXProject "Lightweight Observable Library" */;
			compatibilityVersion = "Xcode 9.3";
			developmentRegion = en;
			hasScannedForEncodings = 0;
			knownRegions = (
				en,
				Base,
			);
			mainGroup = 0ADFFAD021C4938000A1ADB4;
			productRefGroup = 0ADFFADA21C4938000A1ADB4 /* Products */;
			projectDirPath = "";
			projectRoot = "";
			targets = (
				0ADFFAD821C4938000A1ADB4 /* Lightweight Observable Library */,
				0ADFFAEC21C4938100A1ADB4 /* Lightweight Observable LibraryTests */,
			);
		};
/* End PBXProject section */

/* Begin PBXResourcesBuildPhase section */
		0ADFFAD721C4938000A1ADB4 /* Resources */ = {
			isa = PBXResourcesBuildPhase;
			buildActionMask = 2147483647;
			files = (
				0ADFFAE721C4938100A1ADB4 /* LaunchScreen.storyboard in Resources */,
				0ADFFAE421C4938100A1ADB4 /* Assets.xcassets in Resources */,
				0ADFFAE221C4938000A1ADB4 /* Main.storyboard in Resources */,
			);
			runOnlyForDeploymentPostprocessing = 0;
		};
		0ADFFAEB21C4938100A1ADB4 /* Resources */ = {
			isa = PBXResourcesBuildPhase;
			buildActionMask = 2147483647;
			files = (
			);
			runOnlyForDeploymentPostprocessing = 0;
		};
/* End PBXResourcesBuildPhase section */

/* Begin PBXSourcesBuildPhase section */
		0ADFFAD521C4938000A1ADB4 /* Sources */ = {
			isa = PBXSourcesBuildPhase;
			buildActionMask = 2147483647;
			files = (
				0AC4E92621CE029A00835352 /* Scheduler.swift in Sources */,
				0A6AD8E6221F98EF0035C8B0 /* RXLogger.swift in Sources */,
				0A6CB57C2223792900272AD3 /* Variable.swift in Sources */,
				0AC4E92821CE047900835352 /* AnyObserver.swift in Sources */,
				0ADFFB0221C497CD00A1ADB4 /* Event.swift in Sources */,
				0A3980E721EC2E1600BE6693 /* DefaultScheduler.swift in Sources */,
				0ADFFB1021C58BE600A1ADB4 /* Bindable+UIKit.swift in Sources */,
				0ABCFB5821E18D0B0052FDBF /* DisposableContainer+UIKit.swift in Sources */,
				0ADFFB0621C4B19600A1ADB4 /* Disposable.swift in Sources */,
				0ADFFB0A21C4C8D300A1ADB4 /* Bindable.swift in Sources */,
				0ABCFB5521E18AC90052FDBF /* ObserverType.swift in Sources */,
				0ADFFADF21C4938000A1ADB4 /* ViewController.swift in Sources */,
				0ABCFB5E21E198B70052FDBF /* SubjectType.swift in Sources */,
				0A3980E521EC2E0A00BE6693 /* ConcurrentScheduler.swift in Sources */,
				0AF0A4EC21DDC304009C05A6 /* DisposableContainer.swift in Sources */,
				0ADFFAFD21C493DD00A1ADB4 /* Observable.swift in Sources */,
				0A3980E121EC2DF100BE6693 /* MainScheduler.swift in Sources */,
				0ABCFB6021E19C3D0052FDBF /* SchedulerFactory.swift in Sources */,
				0A6AD8EB221FA6280035C8B0 /* BehaviorSubject.swift in Sources */,
				0A56817A2223875D0033009A /* Observable+Factory.swift in Sources */,
				0ADFFADD21C4938000A1ADB4 /* AppDelegate.swift in Sources */,
				0ABCFB5A21E190BE0052FDBF /* DisposableFactory.swift in Sources */,
				0A6AD8ED221FA6350035C8B0 /* PublishSubject.swift in Sources */,
				0A3980EC21EC328500BE6693 /* DisposeBag.swift in Sources */,
				0A6AD8E4221F98B60035C8B0 /* Uniqueable.swift in Sources */,
				0A5681782223829B0033009A /* Variable+Bindable.swift in Sources */,
				0ADFFB0421C497EE00A1ADB4 /* ObservableType.swift in Sources */,
				0A3980E321EC2E0100BE6693 /* SerialScheduler.swift in Sources */,
			);
			runOnlyForDeploymentPostprocessing = 0;
		};
		0ADFFAE921C4938100A1ADB4 /* Sources */ = {
			isa = PBXSourcesBuildPhase;
			buildActionMask = 2147483647;
			files = (
				0ADFFAF221C4938100A1ADB4 /* Lightweight_Observable_LibraryTests.swift in Sources */,
			);
			runOnlyForDeploymentPostprocessing = 0;
		};
/* End PBXSourcesBuildPhase section */

/* Begin PBXTargetDependency section */
		0ADFFAEF21C4938100A1ADB4 /* PBXTargetDependency */ = {
			isa = PBXTargetDependency;
			target = 0ADFFAD821C4938000A1ADB4 /* Lightweight Observable Library */;
			targetProxy = 0ADFFAEE21C4938100A1ADB4 /* PBXContainerItemProxy */;
		};
/* End PBXTargetDependency section */

/* Begin PBXVariantGroup section */
		0ADFFAE021C4938000A1ADB4 /* Main.storyboard */ = {
			isa = PBXVariantGroup;
			children = (
				0ADFFAE121C4938000A1ADB4 /* Base */,
			);
			name = Main.storyboard;
			sourceTree = "<group>";
		};
		0ADFFAE521C4938100A1ADB4 /* LaunchScreen.storyboard */ = {
			isa = PBXVariantGroup;
			children = (
				0ADFFAE621C4938100A1ADB4 /* Base */,
			);
			name = LaunchScreen.storyboard;
			sourceTree = "<group>";
		};
/* End PBXVariantGroup section */

/* Begin XCBuildConfiguration section */
		0ADFFAF421C4938100A1ADB4 /* Debug */ = {
			isa = XCBuildConfiguration;
			buildSettings = {
				ALWAYS_SEARCH_USER_PATHS = NO;
				CLANG_ANALYZER_NONNULL = YES;
				CLANG_ANALYZER_NUMBER_OBJECT_CONVERSION = YES_AGGRESSIVE;
				CLANG_CXX_LANGUAGE_STANDARD = "gnu++14";
				CLANG_CXX_LIBRARY = "libc++";
				CLANG_ENABLE_MODULES = YES;
				CLANG_ENABLE_OBJC_ARC = YES;
				CLANG_ENABLE_OBJC_WEAK = YES;
				CLANG_WARN_BLOCK_CAPTURE_AUTORELEASING = YES;
				CLANG_WARN_BOOL_CONVERSION = YES;
				CLANG_WARN_COMMA = YES;
				CLANG_WARN_CONSTANT_CONVERSION = YES;
				CLANG_WARN_DEPRECATED_OBJC_IMPLEMENTATIONS = YES;
				CLANG_WARN_DIRECT_OBJC_ISA_USAGE = YES_ERROR;
				CLANG_WARN_DOCUMENTATION_COMMENTS = YES;
				CLANG_WARN_EMPTY_BODY = YES;
				CLANG_WARN_ENUM_CONVERSION = YES;
				CLANG_WARN_INFINITE_RECURSION = YES;
				CLANG_WARN_INT_CONVERSION = YES;
				CLANG_WARN_NON_LITERAL_NULL_CONVERSION = YES;
				CLANG_WARN_OBJC_IMPLICIT_RETAIN_SELF = YES;
				CLANG_WARN_OBJC_LITERAL_CONVERSION = YES;
				CLANG_WARN_OBJC_ROOT_CLASS = YES_ERROR;
				CLANG_WARN_RANGE_LOOP_ANALYSIS = YES;
				CLANG_WARN_STRICT_PROTOTYPES = YES;
				CLANG_WARN_SUSPICIOUS_MOVE = YES;
				CLANG_WARN_UNGUARDED_AVAILABILITY = YES_AGGRESSIVE;
				CLANG_WARN_UNREACHABLE_CODE = YES;
				CLANG_WARN__DUPLICATE_METHOD_MATCH = YES;
				CODE_SIGN_IDENTITY = "iPhone Developer";
				COPY_PHASE_STRIP = NO;
				DEBUG_INFORMATION_FORMAT = dwarf;
				ENABLE_STRICT_OBJC_MSGSEND = YES;
				ENABLE_TESTABILITY = YES;
				GCC_C_LANGUAGE_STANDARD = gnu11;
				GCC_DYNAMIC_NO_PIC = NO;
				GCC_NO_COMMON_BLOCKS = YES;
				GCC_OPTIMIZATION_LEVEL = 0;
				GCC_PREPROCESSOR_DEFINITIONS = (
					"DEBUG=1",
					"$(inherited)",
				);
				GCC_WARN_64_TO_32_BIT_CONVERSION = YES;
				GCC_WARN_ABOUT_RETURN_TYPE = YES_ERROR;
				GCC_WARN_UNDECLARED_SELECTOR = YES;
				GCC_WARN_UNINITIALIZED_AUTOS = YES_AGGRESSIVE;
				GCC_WARN_UNUSED_FUNCTION = YES;
				GCC_WARN_UNUSED_VARIABLE = YES;
				IPHONEOS_DEPLOYMENT_TARGET = 12.0;
				MTL_ENABLE_DEBUG_INFO = INCLUDE_SOURCE;
				MTL_FAST_MATH = YES;
				ONLY_ACTIVE_ARCH = YES;
				SDKROOT = iphoneos;
				SWIFT_ACTIVE_COMPILATION_CONDITIONS = DEBUG;
				SWIFT_OPTIMIZATION_LEVEL = "-Onone";
			};
			name = Debug;
		};
		0ADFFAF521C4938100A1ADB4 /* Release */ = {
			isa = XCBuildConfiguration;
			buildSettings = {
				ALWAYS_SEARCH_USER_PATHS = NO;
				CLANG_ANALYZER_NONNULL = YES;
				CLANG_ANALYZER_NUMBER_OBJECT_CONVERSION = YES_AGGRESSIVE;
				CLANG_CXX_LANGUAGE_STANDARD = "gnu++14";
				CLANG_CXX_LIBRARY = "libc++";
				CLANG_ENABLE_MODULES = YES;
				CLANG_ENABLE_OBJC_ARC = YES;
				CLANG_ENABLE_OBJC_WEAK = YES;
				CLANG_WARN_BLOCK_CAPTURE_AUTORELEASING = YES;
				CLANG_WARN_BOOL_CONVERSION = YES;
				CLANG_WARN_COMMA = YES;
				CLANG_WARN_CONSTANT_CONVERSION = YES;
				CLANG_WARN_DEPRECATED_OBJC_IMPLEMENTATIONS = YES;
				CLANG_WARN_DIRECT_OBJC_ISA_USAGE = YES_ERROR;
				CLANG_WARN_DOCUMENTATION_COMMENTS = YES;
				CLANG_WARN_EMPTY_BODY = YES;
				CLANG_WARN_ENUM_CONVERSION = YES;
				CLANG_WARN_INFINITE_RECURSION = YES;
				CLANG_WARN_INT_CONVERSION = YES;
				CLANG_WARN_NON_LITERAL_NULL_CONVERSION = YES;
				CLANG_WARN_OBJC_IMPLICIT_RETAIN_SELF = YES;
				CLANG_WARN_OBJC_LITERAL_CONVERSION = YES;
				CLANG_WARN_OBJC_ROOT_CLASS = YES_ERROR;
				CLANG_WARN_RANGE_LOOP_ANALYSIS = YES;
				CLANG_WARN_STRICT_PROTOTYPES = YES;
				CLANG_WARN_SUSPICIOUS_MOVE = YES;
				CLANG_WARN_UNGUARDED_AVAILABILITY = YES_AGGRESSIVE;
				CLANG_WARN_UNREACHABLE_CODE = YES;
				CLANG_WARN__DUPLICATE_METHOD_MATCH = YES;
				CODE_SIGN_IDENTITY = "iPhone Developer";
				COPY_PHASE_STRIP = NO;
				DEBUG_INFORMATION_FORMAT = "dwarf-with-dsym";
				ENABLE_NS_ASSERTIONS = NO;
				ENABLE_STRICT_OBJC_MSGSEND = YES;
				GCC_C_LANGUAGE_STANDARD = gnu11;
				GCC_NO_COMMON_BLOCKS = YES;
				GCC_WARN_64_TO_32_BIT_CONVERSION = YES;
				GCC_WARN_ABOUT_RETURN_TYPE = YES_ERROR;
				GCC_WARN_UNDECLARED_SELECTOR = YES;
				GCC_WARN_UNINITIALIZED_AUTOS = YES_AGGRESSIVE;
				GCC_WARN_UNUSED_FUNCTION = YES;
				GCC_WARN_UNUSED_VARIABLE = YES;
				IPHONEOS_DEPLOYMENT_TARGET = 12.0;
				MTL_ENABLE_DEBUG_INFO = NO;
				MTL_FAST_MATH = YES;
				SDKROOT = iphoneos;
				SWIFT_COMPILATION_MODE = wholemodule;
				SWIFT_OPTIMIZATION_LEVEL = "-O";
				VALIDATE_PRODUCT = YES;
			};
			name = Release;
		};
		0ADFFAF721C4938100A1ADB4 /* Debug */ = {
			isa = XCBuildConfiguration;
			buildSettings = {
				ASSETCATALOG_COMPILER_APPICON_NAME = AppIcon;
				CODE_SIGN_STYLE = Automatic;
				DEVELOPMENT_TEAM = AT86P5J3F3;
				INFOPLIST_FILE = "Lightweight Observable Library/Info.plist";
				LD_RUNPATH_SEARCH_PATHS = (
					"$(inherited)",
					"@executable_path/Frameworks",
				);
				PRODUCT_BUNDLE_IDENTIFIER = "com.ark.Lightweight-Observable-Library";
				PRODUCT_NAME = "$(TARGET_NAME)";
				SWIFT_VERSION = 4.2;
				TARGETED_DEVICE_FAMILY = "1,2";
			};
			name = Debug;
		};
		0ADFFAF821C4938100A1ADB4 /* Release */ = {
			isa = XCBuildConfiguration;
			buildSettings = {
				ASSETCATALOG_COMPILER_APPICON_NAME = AppIcon;
				CODE_SIGN_STYLE = Automatic;
				DEVELOPMENT_TEAM = AT86P5J3F3;
				INFOPLIST_FILE = "Lightweight Observable Library/Info.plist";
				LD_RUNPATH_SEARCH_PATHS = (
					"$(inherited)",
					"@executable_path/Frameworks",
				);
				PRODUCT_BUNDLE_IDENTIFIER = "com.ark.Lightweight-Observable-Library";
				PRODUCT_NAME = "$(TARGET_NAME)";
				SWIFT_VERSION = 4.2;
				TARGETED_DEVICE_FAMILY = "1,2";
			};
			name = Release;
		};
		0ADFFAFA21C4938100A1ADB4 /* Debug */ = {
			isa = XCBuildConfiguration;
			buildSettings = {
				ALWAYS_EMBED_SWIFT_STANDARD_LIBRARIES = YES;
				BUNDLE_LOADER = "$(TEST_HOST)";
				CODE_SIGN_STYLE = Automatic;
				DEVELOPMENT_TEAM = AT86P5J3F3;
				INFOPLIST_FILE = "Lightweight Observable LibraryTests/Info.plist";
				LD_RUNPATH_SEARCH_PATHS = (
					"$(inherited)",
					"@executable_path/Frameworks",
					"@loader_path/Frameworks",
				);
				PRODUCT_BUNDLE_IDENTIFIER = "com.ark.Lightweight-Observable-LibraryTests";
				PRODUCT_NAME = "$(TARGET_NAME)";
				SWIFT_VERSION = 4.2;
				TARGETED_DEVICE_FAMILY = "1,2";
				TEST_HOST = "$(BUILT_PRODUCTS_DIR)/Lightweight Observable Library.app/Lightweight Observable Library";
			};
			name = Debug;
		};
		0ADFFAFB21C4938100A1ADB4 /* Release */ = {
			isa = XCBuildConfiguration;
			buildSettings = {
				ALWAYS_EMBED_SWIFT_STANDARD_LIBRARIES = YES;
				BUNDLE_LOADER = "$(TEST_HOST)";
				CODE_SIGN_STYLE = Automatic;
				DEVELOPMENT_TEAM = AT86P5J3F3;
				INFOPLIST_FILE = "Lightweight Observable LibraryTests/Info.plist";
				LD_RUNPATH_SEARCH_PATHS = (
					"$(inherited)",
					"@executable_path/Frameworks",
					"@loader_path/Frameworks",
				);
				PRODUCT_BUNDLE_IDENTIFIER = "com.ark.Lightweight-Observable-LibraryTests";
				PRODUCT_NAME = "$(TARGET_NAME)";
				SWIFT_VERSION = 4.2;
				TARGETED_DEVICE_FAMILY = "1,2";
				TEST_HOST = "$(BUILT_PRODUCTS_DIR)/Lightweight Observable Library.app/Lightweight Observable Library";
			};
			name = Release;
		};
/* End XCBuildConfiguration section */

/* Begin XCConfigurationList section */
		0ADFFAD421C4938000A1ADB4 /* Build configuration list for PBXProject "Lightweight Observable Library" */ = {
			isa = XCConfigurationList;
			buildConfigurations = (
				0ADFFAF421C4938100A1ADB4 /* Debug */,
				0ADFFAF521C4938100A1ADB4 /* Release */,
			);
			defaultConfigurationIsVisible = 0;
			defaultConfigurationName = Release;
		};
		0ADFFAF621C4938100A1ADB4 /* Build configuration list for PBXNativeTarget "Lightweight Observable Library" */ = {
			isa = XCConfigurationList;
			buildConfigurations = (
				0ADFFAF721C4938100A1ADB4 /* Debug */,
				0ADFFAF821C4938100A1ADB4 /* Release */,
			);
			defaultConfigurationIsVisible = 0;
			defaultConfigurationName = Release;
		};
		0ADFFAF921C4938100A1ADB4 /* Build configuration list for PBXNativeTarget "Lightweight Observable LibraryTests" */ = {
			isa = XCConfigurationList;
			buildConfigurations = (
				0ADFFAFA21C4938100A1ADB4 /* Debug */,
				0ADFFAFB21C4938100A1ADB4 /* Release */,
			);
			defaultConfigurationIsVisible = 0;
			defaultConfigurationName = Release;
		};
/* End XCConfigurationList section */
	};
	rootObject = 0ADFFAD121C4938000A1ADB4 /* Project object */;
}
